<Solution>
  <Project Path="Problem1/Problem1.csproj" Id="bf3ce419-78d7-4855-8ee2-508b3aa9da2b" />
  <Project Path="Problem20/Problem20.csproj" Id="82202b2a-4b51-4321-9ef5-3584e8229b71" />
  <Project Path="Problem231/Problem231.csproj" Id="502ebee5-fe0b-4730-98e6-a0e1564ccf5e" />
  <Project Path="Problem32/Problem32.csproj" Id="48241352-527e-4ee7-b711-5c6ce620a7ac" />
  <Project Path="Problem961/Problem961.csproj" Id="2ea770ef-e29f-40d7-b0ee-62944e347b9f" />
</Solution>
